
Microsoft Visual Studio Solution File, Format Version 12.00
# Visual Studio Version 16
VisualStudioVersion = 16.0.30104.148
MinimumVisualStudioVersion = 10.0.40219.1
Project("{FAE04EC0-301F-11D3-BF4B-00C04F79EFBC}") = "WaggyWeather.API", "WaggyWeather.API\WaggyWeather.API.csproj", "{6BED64A6-C646-4AD0-AF29-453C8A48C723}"
EndProject
Global
	GlobalSection(SolutionConfigurationPlatforms) = preSolution
		Debug|Any CPU = Debug|Any CPU
		Release|Any CPU = Release|Any CPU
	EndGlobalSection
	GlobalSection(ProjectConfigurationPlatforms) = postSolution
		{6BED64A6-C646-4AD0-AF29-453C8A48C723}.Debug|Any CPU.ActiveCfg = Debug|Any CPU
		{6BED64A6-C646-4AD0-AF29-453C8A48C723}.Debug|Any CPU.Build.0 = Debug|Any CPU
		{6BED64A6-C646-4AD0-AF29-453C8A48C723}.Release|Any CPU.ActiveCfg = Release|Any CPU
		{6BED64A6-C646-4AD0-AF29-453C8A48C723}.Release|Any CPU.Build.0 = Release|Any CPU
	EndGlobalSection
	GlobalSection(SolutionProperties) = preSolution
		HideSolutionNode = FALSE
	EndGlobalSection
	GlobalSection(ExtensibilityGlobals) = postSolution
		SolutionGuid = {A65AEC55-669B-4D3E-A104-FD5F4843FAF3}
	EndGlobalSection
EndGlobal
